
Microsoft Visual Studio Solution File, Format Version 12.00
# Visual Studio Version 17
VisualStudioVersion = 17.10.35013.160
MinimumVisualStudioVersion = 10.0.40219.1
Project("{8BC9CEB8-8B4A-11D0-8D11-00A0C91BC942}") = "array_List", "array_List\array_List.vcxproj", "{EC7B486E-A4A7-4627-A814-23126F1630AC}"
EndProject
Global
	GlobalSection(SolutionConfigurationPlatforms) = preSolution
		Debug|x64 = Debug|x64
		Debug|x86 = Debug|x86
		Release|x64 = Release|x64
		Release|x86 = Release|x86
	EndGlobalSection
	GlobalSection(ProjectConfigurationPlatforms) = postSolution
		{EC7B486E-A4A7-4627-A814-23126F1630AC}.Debug|x64.ActiveCfg = Debug|x64
		{EC7B486E-A4A7-4627-A814-23126F1630AC}.Debug|x64.Build.0 = Debug|x64
		{EC7B486E-A4A7-4627-A814-23126F1630AC}.Debug|x86.ActiveCfg = Debug|Win32
		{EC7B486E-A4A7-4627-A814-23126F1630AC}.Debug|x86.Build.0 = Debug|Win32
		{EC7B486E-A4A7-4627-A814-23126F1630AC}.Release|x64.ActiveCfg = Release|x64
		{EC7B486E-A4A7-4627-A814-23126F1630AC}.Release|x64.Build.0 = Release|x64
		{EC7B486E-A4A7-4627-A814-23126F1630AC}.Release|x86.ActiveCfg = Release|Win32
		{EC7B486E-A4A7-4627-A814-23126F1630AC}.Release|x86.Build.0 = Release|Win32
	EndGlobalSection
	GlobalSection(SolutionProperties) = preSolution
		HideSolutionNode = FALSE
	EndGlobalSection
	GlobalSection(ExtensibilityGlobals) = postSolution
		SolutionGuid = {81C9DA27-3CDF-49C0-9005-645566C326C4}
	EndGlobalSection
EndGlobal
